
Microsoft Visual Studio Solution File, Format Version 12.00
# Visual Studio Version 17
VisualStudioVersion = 17.0.32112.339
MinimumVisualStudioVersion = 10.0.40219.1
Project("{FAE04EC0-301F-11D3-BF4B-00C04F79EFBC}") = "2 наоборот 1", "2 наоборот 1\2 наоборот 1.csproj", "{21AE4B9A-5C0C-478C-A22C-E1867FBEA7EC}"
EndProject
Global
	GlobalSection(SolutionConfigurationPlatforms) = preSolution
		Debug|Any CPU = Debug|Any CPU
		Release|Any CPU = Release|Any CPU
	EndGlobalSection
	GlobalSection(ProjectConfigurationPlatforms) = postSolution
		{21AE4B9A-5C0C-478C-A22C-E1867FBEA7EC}.Debug|Any CPU.ActiveCfg = Debug|Any CPU
		{21AE4B9A-5C0C-478C-A22C-E1867FBEA7EC}.Debug|Any CPU.Build.0 = Debug|Any CPU
		{21AE4B9A-5C0C-478C-A22C-E1867FBEA7EC}.Release|Any CPU.ActiveCfg = Release|Any CPU
		{21AE4B9A-5C0C-478C-A22C-E1867FBEA7EC}.Release|Any CPU.Build.0 = Release|Any CPU
	EndGlobalSection
	GlobalSection(SolutionProperties) = preSolution
		HideSolutionNode = FALSE
	EndGlobalSection
	GlobalSection(ExtensibilityGlobals) = postSolution
		SolutionGuid = {3FEBB0C6-C747-4414-9C51-13C6710D182D}
	EndGlobalSection
EndGlobal
